
Microsoft Visual Studio Solution File, Format Version 12.00
# Visual Studio Version 17
VisualStudioVersion = 17.14.36429.23 d17.14
MinimumVisualStudioVersion = 10.0.40219.1
Project("{8BC9CEB8-8B4A-11D0-8D11-00A0C91BC942}") = "project", "project\project.vcxproj", "{F2CDA078-50C8-4797-9B43-9B3F2017CB14}"
EndProject
Global
	GlobalSection(SolutionConfigurationPlatforms) = preSolution
		Debug|x64 = Debug|x64
		Debug|x86 = Debug|x86
		Release|x64 = Release|x64
		Release|x86 = Release|x86
	EndGlobalSection
	GlobalSection(ProjectConfigurationPlatforms) = postSolution
		{F2CDA078-50C8-4797-9B43-9B3F2017CB14}.Debug|x64.ActiveCfg = Debug|x64
		{F2CDA078-50C8-4797-9B43-9B3F2017CB14}.Debug|x64.Build.0 = Debug|x64
		{F2CDA078-50C8-4797-9B43-9B3F2017CB14}.Debug|x86.ActiveCfg = Debug|Win32
		{F2CDA078-50C8-4797-9B43-9B3F2017CB14}.Debug|x86.Build.0 = Debug|Win32
		{F2CDA078-50C8-4797-9B43-9B3F2017CB14}.Release|x64.ActiveCfg = Release|x64
		{F2CDA078-50C8-4797-9B43-9B3F2017CB14}.Release|x64.Build.0 = Release|x64
		{F2CDA078-50C8-4797-9B43-9B3F2017CB14}.Release|x86.ActiveCfg = Release|Win32
		{F2CDA078-50C8-4797-9B43-9B3F2017CB14}.Release|x86.Build.0 = Release|Win32
	EndGlobalSection
	GlobalSection(SolutionProperties) = preSolution
		HideSolutionNode = FALSE
	EndGlobalSection
	GlobalSection(ExtensibilityGlobals) = postSolution
		SolutionGuid = {C37A37A2-371F-4657-A2FB-1BAEB4ECBAA6}
	EndGlobalSection
EndGlobal
